
Microsoft Visual Studio Solution File, Format Version 12.00
# Visual Studio Version 16
VisualStudioVersion = 16.0.29806.167
MinimumVisualStudioVersion = 10.0.40219.1
Project("{FAE04EC0-301F-11D3-BF4B-00C04F79EFBC}") = "2nd method", "2nd method.csproj", "{273BFF57-E1D9-4510-B4F5-AF3F1B90D2D9}"
EndProject
Global
	GlobalSection(SolutionConfigurationPlatforms) = preSolution
		Debug|Any CPU = Debug|Any CPU
		Release|Any CPU = Release|Any CPU
	EndGlobalSection
	GlobalSection(ProjectConfigurationPlatforms) = postSolution
		{273BFF57-E1D9-4510-B4F5-AF3F1B90D2D9}.Debug|Any CPU.ActiveCfg = Debug|Any CPU
		{273BFF57-E1D9-4510-B4F5-AF3F1B90D2D9}.Debug|Any CPU.Build.0 = Debug|Any CPU
		{273BFF57-E1D9-4510-B4F5-AF3F1B90D2D9}.Release|Any CPU.ActiveCfg = Release|Any CPU
		{273BFF57-E1D9-4510-B4F5-AF3F1B90D2D9}.Release|Any CPU.Build.0 = Release|Any CPU
	EndGlobalSection
	GlobalSection(SolutionProperties) = preSolution
		HideSolutionNode = FALSE
	EndGlobalSection
	GlobalSection(ExtensibilityGlobals) = postSolution
		SolutionGuid = {E67645F6-E3EA-4872-9223-0E4FFC379547}
	EndGlobalSection
EndGlobal
