
Microsoft Visual Studio Solution File, Format Version 12.00
# Visual Studio Version 16
VisualStudioVersion = 16.0.29806.167
MinimumVisualStudioVersion = 10.0.40219.1
Project("{FAE04EC0-301F-11D3-BF4B-00C04F79EFBC}") = "3rd method", "3rd method.csproj", "{8DFE94E4-E7F8-47EC-9FC6-E6F2C72FF410}"
EndProject
Global
	GlobalSection(SolutionConfigurationPlatforms) = preSolution
		Debug|Any CPU = Debug|Any CPU
		Release|Any CPU = Release|Any CPU
	EndGlobalSection
	GlobalSection(ProjectConfigurationPlatforms) = postSolution
		{8DFE94E4-E7F8-47EC-9FC6-E6F2C72FF410}.Debug|Any CPU.ActiveCfg = Debug|Any CPU
		{8DFE94E4-E7F8-47EC-9FC6-E6F2C72FF410}.Debug|Any CPU.Build.0 = Debug|Any CPU
		{8DFE94E4-E7F8-47EC-9FC6-E6F2C72FF410}.Release|Any CPU.ActiveCfg = Release|Any CPU
		{8DFE94E4-E7F8-47EC-9FC6-E6F2C72FF410}.Release|Any CPU.Build.0 = Release|Any CPU
	EndGlobalSection
	GlobalSection(SolutionProperties) = preSolution
		HideSolutionNode = FALSE
	EndGlobalSection
	GlobalSection(ExtensibilityGlobals) = postSolution
		SolutionGuid = {CCD429AB-F453-494D-99DF-9CA8C8242F3A}
	EndGlobalSection
EndGlobal
